
Microsoft Visual Studio Solution File, Format Version 12.00
# Visual Studio 14
VisualStudioVersion = 14.0.23107.0
MinimumVisualStudioVersion = 10.0.40219.1
Project("{2150E333-8FDC-42A3-9474-1A3956D46DE8}") = "src", "src", "{6DA16CB8-1D96-4C11-AC54-5210A16E8AD6}"
EndProject
Project("{8BB2217D-0F2D-49D1-97BC-3654ED321F3B}") = "HwpSharp", "src\HwpSharp\HwpSharp.xproj", "{E8AB29C7-8222-4EC8-BFF2-06C1C119ABEA}"
EndProject
Project("{2150E333-8FDC-42A3-9474-1A3956D46DE8}") = "test", "test", "{99B07E9B-510B-4884-B486-042DC09B333E}"
EndProject
Project("{2150E333-8FDC-42A3-9474-1A3956D46DE8}") = "Solution Items", "Solution Items", "{4264F4F8-94A3-4C22-8579-8EB85B7EA473}"
	ProjectSection(SolutionItems) = preProject
		global.json = global.json
	EndProjectSection
EndProject
Project("{8BB2217D-0F2D-49D1-97BC-3654ED321F3B}") = "HwpSharp.Tests", "test\HwpSharp.Tests\HwpSharp.Tests.xproj", "{07196994-8FEF-417A-9144-05135AA6497A}"
EndProject
Project("{2150E333-8FDC-42A3-9474-1A3956D46DE8}") = "case", "case", "{C1C298A2-EFDC-406B-A9B3-FC671F8EDD76}"
	ProjectSection(SolutionItems) = preProject
		test\case\CompoundFile.xls = test\case\CompoundFile.xls
		test\case\Hwp3File.hwp = test\case\Hwp3File.hwp
		test\case\PdfFile.pdf = test\case\PdfFile.pdf
	EndProjectSection
EndProject
Project("{2150E333-8FDC-42A3-9474-1A3956D46DE8}") = "Hwp5", "Hwp5", "{8D356E47-AFA9-4915-B50A-A5AB3573ED0A}"
	ProjectSection(SolutionItems) = preProject
		test\case\Hwp5\BlogForm_BookReview.hwp = test\case\Hwp5\BlogForm_BookReview.hwp
		test\case\Hwp5\BlogForm_MovieReview.hwp = test\case\Hwp5\BlogForm_MovieReview.hwp
		test\case\Hwp5\BlogForm_Recipe.hwp = test\case\Hwp5\BlogForm_Recipe.hwp
		test\case\Hwp5\BookReview.hwp = test\case\Hwp5\BookReview.hwp
		test\case\Hwp5\calendar_monthly.hwp = test\case\Hwp5\calendar_monthly.hwp
		test\case\Hwp5\calendar_year.hwp = test\case\Hwp5\calendar_year.hwp
		test\case\Hwp5\classical_literature.hwp = test\case\Hwp5\classical_literature.hwp
		test\case\Hwp5\english.hwp = test\case\Hwp5\english.hwp
		test\case\Hwp5\Hyper(hwp2010).hwp = test\case\Hwp5\Hyper(hwp2010).hwp
		test\case\Hwp5\interview.hwp = test\case\Hwp5\interview.hwp
		test\case\Hwp5\KTX.hwp = test\case\Hwp5\KTX.hwp
		test\case\Hwp5\multisection.hwp = test\case\Hwp5\multisection.hwp
		test\case\Hwp5\NewYear_s_Day.hwp = test\case\Hwp5\NewYear_s_Day.hwp
		test\case\Hwp5\request.hwp = test\case\Hwp5\request.hwp
		test\case\Hwp5\shortcut.hwp = test\case\Hwp5\shortcut.hwp
		test\case\Hwp5\sungeo.hwp = test\case\Hwp5\sungeo.hwp
		test\case\Hwp5\Textmail.hwp = test\case\Hwp5\Textmail.hwp
		test\case\Hwp5\treatise sample.hwp = test\case\Hwp5\treatise sample.hwp
		test\case\Hwp5\Worldcup_FIFA2010_32.hwp = test\case\Hwp5\Worldcup_FIFA2010_32.hwp
	EndProjectSection
EndProject
Project("{8BB2217D-0F2D-49D1-97BC-3654ED321F3B}") = "HwpSharp.Tests.Console", "test\HwpSharp.Tests.Console\HwpSharp.Tests.Console.xproj", "{D0E23E50-7881-4442-8E44-73300A7F6D9F}"
EndProject
Global
	GlobalSection(SolutionConfigurationPlatforms) = preSolution
		Debug|Any CPU = Debug|Any CPU
		Release|Any CPU = Release|Any CPU
	EndGlobalSection
	GlobalSection(ProjectConfigurationPlatforms) = postSolution
		{E8AB29C7-8222-4EC8-BFF2-06C1C119ABEA}.Debug|Any CPU.ActiveCfg = Debug|Any CPU
		{E8AB29C7-8222-4EC8-BFF2-06C1C119ABEA}.Debug|Any CPU.Build.0 = Debug|Any CPU
		{E8AB29C7-8222-4EC8-BFF2-06C1C119ABEA}.Release|Any CPU.ActiveCfg = Release|Any CPU
		{E8AB29C7-8222-4EC8-BFF2-06C1C119ABEA}.Release|Any CPU.Build.0 = Release|Any CPU
		{07196994-8FEF-417A-9144-05135AA6497A}.Debug|Any CPU.ActiveCfg = Debug|Any CPU
		{07196994-8FEF-417A-9144-05135AA6497A}.Debug|Any CPU.Build.0 = Debug|Any CPU
		{07196994-8FEF-417A-9144-05135AA6497A}.Release|Any CPU.ActiveCfg = Release|Any CPU
		{07196994-8FEF-417A-9144-05135AA6497A}.Release|Any CPU.Build.0 = Release|Any CPU
		{D0E23E50-7881-4442-8E44-73300A7F6D9F}.Debug|Any CPU.ActiveCfg = Debug|Any CPU
		{D0E23E50-7881-4442-8E44-73300A7F6D9F}.Debug|Any CPU.Build.0 = Debug|Any CPU
		{D0E23E50-7881-4442-8E44-73300A7F6D9F}.Release|Any CPU.ActiveCfg = Release|Any CPU
		{D0E23E50-7881-4442-8E44-73300A7F6D9F}.Release|Any CPU.Build.0 = Release|Any CPU
	EndGlobalSection
	GlobalSection(SolutionProperties) = preSolution
		HideSolutionNode = FALSE
	EndGlobalSection
	GlobalSection(NestedProjects) = preSolution
		{E8AB29C7-8222-4EC8-BFF2-06C1C119ABEA} = {6DA16CB8-1D96-4C11-AC54-5210A16E8AD6}
		{07196994-8FEF-417A-9144-05135AA6497A} = {99B07E9B-510B-4884-B486-042DC09B333E}
		{C1C298A2-EFDC-406B-A9B3-FC671F8EDD76} = {99B07E9B-510B-4884-B486-042DC09B333E}
		{8D356E47-AFA9-4915-B50A-A5AB3573ED0A} = {C1C298A2-EFDC-406B-A9B3-FC671F8EDD76}
		{D0E23E50-7881-4442-8E44-73300A7F6D9F} = {99B07E9B-510B-4884-B486-042DC09B333E}
	EndGlobalSection
EndGlobal
